
Microsoft Visual Studio Solution File, Format Version 12.00
# Visual Studio Version 17
VisualStudioVersion = 17.9.34723.18
MinimumVisualStudioVersion = 10.0.40219.1
Project("{FAE04EC0-301F-11D3-BF4B-00C04F79EFBC}") = "GFMSMonkey", "GFMSMonkey.csproj", "{7BAD490D-61EA-42F3-8463-041F04229637}"
EndProject
Global
	GlobalSection(SolutionConfigurationPlatforms) = preSolution
		Debug|Any CPU = Debug|Any CPU
		Release|Any CPU = Release|Any CPU
	EndGlobalSection
	GlobalSection(ProjectConfigurationPlatforms) = postSolution
		{7BAD490D-61EA-42F3-8463-041F04229637}.Debug|Any CPU.ActiveCfg = Debug|Any CPU
		{7BAD490D-61EA-42F3-8463-041F04229637}.Debug|Any CPU.Build.0 = Debug|Any CPU
		{7BAD490D-61EA-42F3-8463-041F04229637}.Release|Any CPU.ActiveCfg = Release|Any CPU
		{7BAD490D-61EA-42F3-8463-041F04229637}.Release|Any CPU.Build.0 = Release|Any CPU
	EndGlobalSection
	GlobalSection(SolutionProperties) = preSolution
		HideSolutionNode = FALSE
	EndGlobalSection
	GlobalSection(ExtensibilityGlobals) = postSolution
		SolutionGuid = {5EB0E551-736E-423A-A025-742713CEE018}
	EndGlobalSection
EndGlobal
